
Microsoft Visual Studio Solution File, Format Version 12.00
# Visual Studio Version 16
VisualStudioVersion = 16.0.30503.244
MinimumVisualStudioVersion = 10.0.40219.1
Project("{9A19103F-16F7-4668-BE54-9A1E7A4F7556}") = "Hello WPF", "Hello WPF\Hello WPF.csproj", "{ED769846-BF7E-4AD9-8F32-94DD40A11C4E}"
EndProject
Project("{FAE04EC0-301F-11D3-BF4B-00C04F79EFBC}") = "Refresher CSharp", "Refresher CSharp\Refresher CSharp.csproj", "{E681C5DF-8F25-443E-BD98-642B9758B608}"
EndProject
Global
	GlobalSection(SolutionConfigurationPlatforms) = preSolution
		Debug|Any CPU = Debug|Any CPU
		Release|Any CPU = Release|Any CPU
	EndGlobalSection
	GlobalSection(ProjectConfigurationPlatforms) = postSolution
		{ED769846-BF7E-4AD9-8F32-94DD40A11C4E}.Debug|Any CPU.ActiveCfg = Debug|Any CPU
		{ED769846-BF7E-4AD9-8F32-94DD40A11C4E}.Debug|Any CPU.Build.0 = Debug|Any CPU
		{ED769846-BF7E-4AD9-8F32-94DD40A11C4E}.Release|Any CPU.ActiveCfg = Release|Any CPU
		{ED769846-BF7E-4AD9-8F32-94DD40A11C4E}.Release|Any CPU.Build.0 = Release|Any CPU
		{E681C5DF-8F25-443E-BD98-642B9758B608}.Debug|Any CPU.ActiveCfg = Debug|Any CPU
		{E681C5DF-8F25-443E-BD98-642B9758B608}.Debug|Any CPU.Build.0 = Debug|Any CPU
		{E681C5DF-8F25-443E-BD98-642B9758B608}.Release|Any CPU.ActiveCfg = Release|Any CPU
		{E681C5DF-8F25-443E-BD98-642B9758B608}.Release|Any CPU.Build.0 = Release|Any CPU
	EndGlobalSection
	GlobalSection(SolutionProperties) = preSolution
		HideSolutionNode = FALSE
	EndGlobalSection
	GlobalSection(ExtensibilityGlobals) = postSolution
		SolutionGuid = {E29814A2-ED1E-4B80-AED6-7F5EE00C525F}
	EndGlobalSection
EndGlobal
